
Microsoft Visual Studio Solution File, Format Version 12.00
# Visual Studio Version 17
VisualStudioVersion = 17.4.33103.184
MinimumVisualStudioVersion = 10.0.40219.1
Project("{9A19103F-16F7-4668-BE54-9A1E7A4F7556}") = "AP-ShopBE", "AP-ShopBE\AP-ShopBE.csproj", "{925D612C-641A-4D1E-B6A8-3A3DFD0EDD44}"
EndProject
Project("{9A19103F-16F7-4668-BE54-9A1E7A4F7556}") = "AP-ShopBE.DAL", "AP-ShopBE.DAL\AP-ShopBE.DAL.csproj", "{BAC100B4-8A7B-4689-8722-2369FD83959D}"
EndProject
Project("{FAE04EC0-301F-11D3-BF4B-00C04F79EFBC}") = "AP-ShopBE.BLL", "AP-ShopBE.BLL\AP-ShopBE.BLL.csproj", "{AAA92F3A-4D46-463F-B208-8281DE4CDAFE}"
EndProject
Global
	GlobalSection(SolutionConfigurationPlatforms) = preSolution
		Debug|Any CPU = Debug|Any CPU
		Release|Any CPU = Release|Any CPU
	EndGlobalSection
	GlobalSection(ProjectConfigurationPlatforms) = postSolution
		{925D612C-641A-4D1E-B6A8-3A3DFD0EDD44}.Debug|Any CPU.ActiveCfg = Debug|Any CPU
		{925D612C-641A-4D1E-B6A8-3A3DFD0EDD44}.Debug|Any CPU.Build.0 = Debug|Any CPU
		{925D612C-641A-4D1E-B6A8-3A3DFD0EDD44}.Release|Any CPU.ActiveCfg = Release|Any CPU
		{925D612C-641A-4D1E-B6A8-3A3DFD0EDD44}.Release|Any CPU.Build.0 = Release|Any CPU
		{BAC100B4-8A7B-4689-8722-2369FD83959D}.Debug|Any CPU.ActiveCfg = Debug|Any CPU
		{BAC100B4-8A7B-4689-8722-2369FD83959D}.Debug|Any CPU.Build.0 = Debug|Any CPU
		{BAC100B4-8A7B-4689-8722-2369FD83959D}.Release|Any CPU.ActiveCfg = Release|Any CPU
		{BAC100B4-8A7B-4689-8722-2369FD83959D}.Release|Any CPU.Build.0 = Release|Any CPU
		{AAA92F3A-4D46-463F-B208-8281DE4CDAFE}.Debug|Any CPU.ActiveCfg = Debug|Any CPU
		{AAA92F3A-4D46-463F-B208-8281DE4CDAFE}.Debug|Any CPU.Build.0 = Debug|Any CPU
		{AAA92F3A-4D46-463F-B208-8281DE4CDAFE}.Release|Any CPU.ActiveCfg = Release|Any CPU
		{AAA92F3A-4D46-463F-B208-8281DE4CDAFE}.Release|Any CPU.Build.0 = Release|Any CPU
	EndGlobalSection
	GlobalSection(SolutionProperties) = preSolution
		HideSolutionNode = FALSE
	EndGlobalSection
	GlobalSection(ExtensibilityGlobals) = postSolution
		SolutionGuid = {D2E599F3-B5EB-45DA-A757-3C0DC9060EB4}
	EndGlobalSection
EndGlobal
